
Microsoft Visual Studio Solution File, Format Version 12.00
# Visual Studio 15
VisualStudioVersion = 15.0.28010.2041
MinimumVisualStudioVersion = 10.0.40219.1
Project("{FAE04EC0-301F-11D3-BF4B-00C04F79EFBC}") = "SumDigits2", "SumDigits2\SumDigits2.csproj", "{2A23B987-C2D9-448E-B003-D8E345CDF328}"
EndProject
Global
	GlobalSection(SolutionConfigurationPlatforms) = preSolution
		Debug|Any CPU = Debug|Any CPU
		Release|Any CPU = Release|Any CPU
	EndGlobalSection
	GlobalSection(ProjectConfigurationPlatforms) = postSolution
		{2A23B987-C2D9-448E-B003-D8E345CDF328}.Debug|Any CPU.ActiveCfg = Debug|Any CPU
		{2A23B987-C2D9-448E-B003-D8E345CDF328}.Debug|Any CPU.Build.0 = Debug|Any CPU
		{2A23B987-C2D9-448E-B003-D8E345CDF328}.Release|Any CPU.ActiveCfg = Release|Any CPU
		{2A23B987-C2D9-448E-B003-D8E345CDF328}.Release|Any CPU.Build.0 = Release|Any CPU
	EndGlobalSection
	GlobalSection(SolutionProperties) = preSolution
		HideSolutionNode = FALSE
	EndGlobalSection
	GlobalSection(ExtensibilityGlobals) = postSolution
		SolutionGuid = {74423FBC-6A31-4FD6-AD5C-AF8A23A29F38}
	EndGlobalSection
EndGlobal
